<?xml version="1.0" encoding="utf-8"?>
<Project ToolsVersion="4.0" xmlns="http://schemas.microsoft.com/developer/msbuild/2003">
  <ItemGroup>
    <Filter Include="리소스 파일">
      <UniqueIdentifier>{67DA6AB6-F800-4c08-8B7A-83BB121AAD01}</UniqueIdentifier>
      <Extensions>rc;ico;cur;bmp;dlg;rc2;rct;bin;rgs;gif;jpg;jpeg;jpe;resx;tiff;tif;png;wav;mfcribbon-ms</Extensions>
    </Filter>
    <Filter Include="Fixed">
      <UniqueIdentifier>{0c493255-5c81-44e5-a75a-a7628c95d6f6}</UniqueIdentifier>
    </Filter>
    <Filter Include="Fixed\Fixed_Framework">
      <UniqueIdentifier>{4ce0afd6-361c-4813-a2ca-9c612eff29eb}</UniqueIdentifier>
    </Filter>
    <Filter Include="Fixed\Fixed_WinAPI">
      <UniqueIdentifier>{e7cebde0-dfcb-4b22-a691-b3863ea30c7a}</UniqueIdentifier>
    </Filter>
    <Filter Include="Fixed\Fixed_Framework\NetworkManager">
      <UniqueIdentifier>{0e055a07-7270-4700-8ad9-facc3acd5ef6}</UniqueIdentifier>
    </Filter>
    <Filter Include="Fixed\Fixed_Framework\Define">
      <UniqueIdentifier>{0c6860c8-a59b-4eb4-bde5-e4a63130760b}</UniqueIdentifier>
    </Filter>
    <Filter Include="Fixed\Fixed_Framework\Managers">
      <UniqueIdentifier>{4dc4503b-1a6c-4724-89d1-222d38e119f0}</UniqueIdentifier>
    </Filter>
    <Filter Include="Fixed\Fixed_Framework\Library">
      <UniqueIdentifier>{1ee62e8c-732b-401c-85dd-cefbbfb6ad02}</UniqueIdentifier>
    </Filter>
    <Filter Include="Fixed\Fixed_Framework\Managers\TimerManager">
      <UniqueIdentifier>{104a0195-45e1-4a41-b88f-f296541b6738}</UniqueIdentifier>
    </Filter>
    <Filter Include="Fixed\Fixed_Framework\Managers\LogManager">
      <UniqueIdentifier>{1277a120-6fbc-4e75-b93f-c00d1f319698}</UniqueIdentifier>
    </Filter>
    <Filter Include="Fixed\Fixed_Framework\Managers\LogManager\PerformanceManager">
      <UniqueIdentifier>{e6942ba8-101f-4cc2-bf26-73f7c0867579}</UniqueIdentifier>
    </Filter>
    <Filter Include="Fixed\Fixed_Framework\Managers\RenderModelManager">
      <UniqueIdentifier>{244bc56a-e5ac-417a-900c-c7db8e05de31}</UniqueIdentifier>
    </Filter>
  </ItemGroup>
  <ItemGroup>
    <ClInclude Include="NetworkManager.h">
      <Filter>Fixed\Fixed_Framework\NetworkManager</Filter>
    </ClInclude>
    <ClInclude Include="DummyClientFramework.h">
      <Filter>Fixed\Fixed_Framework</Filter>
    </ClInclude>
    <ClInclude Include="Custom.hh" />
    <ClInclude Include="stdafx.h">
      <Filter>Fixed\Fixed_Framework\Define</Filter>
    </ClInclude>
    <ClInclude Include="Define.h">
      <Filter>Fixed\Fixed_Framework\Define</Filter>
    </ClInclude>
    <ClInclude Include="SendMemoryPool.h">
      <Filter>Fixed\Fixed_Framework\Managers</Filter>
    </ClInclude>
    <ClInclude Include="main.h">
      <Filter>Fixed</Filter>
    </ClInclude>
    <ClInclude Include="targetver.h">
      <Filter>Fixed\Fixed_WinAPI</Filter>
    </ClInclude>
    <ClInclude Include="Resource.h">
      <Filter>Fixed\Fixed_WinAPI</Filter>
    </ClInclude>
    <ClInclude Include="nameof.hpp">
      <Filter>Fixed\Fixed_Framework\Library</Filter>
    </ClInclude>
    <ClInclude Include="magic_enum.hpp">
      <Filter>Fixed\Fixed_Framework\Library</Filter>
    </ClInclude>
    <ClInclude Include="TimerManager.h">
      <Filter>Fixed\Fixed_Framework\Managers\TimerManager</Filter>
    </ClInclude>
    <ClInclude Include="LogManager.h">
      <Filter>Fixed\Fixed_Framework\Managers\LogManager</Filter>
    </ClInclude>
    <ClInclude Include="PerformanceManager.h">
      <Filter>Fixed\Fixed_Framework\Managers\LogManager\PerformanceManager</Filter>
    </ClInclude>
    <ClInclude Include="RenderModelManager.h">
      <Filter>Fixed\Fixed_Framework\Managers\RenderModelManager</Filter>
    </ClInclude>
  </ItemGroup>
  <ItemGroup>
    <ClCompile Include="NetworkManager.cpp">
      <Filter>Fixed\Fixed_Framework\NetworkManager</Filter>
    </ClCompile>
    <ClCompile Include="DummyClientFramework.cpp">
      <Filter>Fixed\Fixed_Framework</Filter>
    </ClCompile>
    <ClCompile Include="Custom.cpp" />
    <ClCompile Include="stdafx.cpp">
      <Filter>Fixed\Fixed_Framework\Define</Filter>
    </ClCompile>
    <ClCompile Include="Define.cpp">
      <Filter>Fixed\Fixed_Framework\Define</Filter>
    </ClCompile>
    <ClCompile Include="SendMemoryPool.cpp">
      <Filter>Fixed\Fixed_Framework\Managers</Filter>
    </ClCompile>
    <ClCompile Include="main.cpp">
      <Filter>Fixed</Filter>
    </ClCompile>
    <ClCompile Include="TimerManager.cpp">
      <Filter>Fixed\Fixed_Framework\Managers\TimerManager</Filter>
    </ClCompile>
    <ClCompile Include="LogManager.cpp">
      <Filter>Fixed\Fixed_Framework\Managers\LogManager</Filter>
    </ClCompile>
    <ClCompile Include="PerformanceManager.cpp">
      <Filter>Fixed\Fixed_Framework\Managers\LogManager\PerformanceManager</Filter>
    </ClCompile>
    <ClCompile Include="RenderModelManager.cpp">
      <Filter>Fixed\Fixed_Framework\Managers\RenderModelManager</Filter>
    </ClCompile>
  </ItemGroup>
  <ItemGroup>
    <ResourceCompile Include="DummyClientFramework.rc">
      <Filter>리소스 파일</Filter>
    </ResourceCompile>
  </ItemGroup>
  <ItemGroup>
    <Image Include="small.ico">
      <Filter>리소스 파일</Filter>
    </Image>
    <Image Include="DummyClientFramework.ico">
      <Filter>리소스 파일</Filter>
    </Image>
  </ItemGroup>
  <ItemGroup>
    <None Include="ReadMe.Hello" />
  </ItemGroup>
</Project>